
Microsoft Visual Studio Solution File, Format Version 12.00
# Visual Studio Version 16
VisualStudioVersion = 16.0.29009.5
MinimumVisualStudioVersion = 10.0.40219.1
Project("{FAE04EC0-301F-11D3-BF4B-00C04F79EFBC}") = "ViewsAndControllers", "ViewsAndControllers\ViewsAndControllers.csproj", "{7409E4A8-079B-4308-A00A-3D4E6D3C42D2}"
EndProject
Global
	GlobalSection(SolutionConfigurationPlatforms) = preSolution
		Debug|Any CPU = Debug|Any CPU
		Release|Any CPU = Release|Any CPU
	EndGlobalSection
	GlobalSection(ProjectConfigurationPlatforms) = postSolution
		{7409E4A8-079B-4308-A00A-3D4E6D3C42D2}.Debug|Any CPU.ActiveCfg = Debug|Any CPU
		{7409E4A8-079B-4308-A00A-3D4E6D3C42D2}.Debug|Any CPU.Build.0 = Debug|Any CPU
		{7409E4A8-079B-4308-A00A-3D4E6D3C42D2}.Release|Any CPU.ActiveCfg = Release|Any CPU
		{7409E4A8-079B-4308-A00A-3D4E6D3C42D2}.Release|Any CPU.Build.0 = Release|Any CPU
	EndGlobalSection
	GlobalSection(SolutionProperties) = preSolution
		HideSolutionNode = FALSE
	EndGlobalSection
	GlobalSection(ExtensibilityGlobals) = postSolution
		SolutionGuid = {C4C22F20-11D8-404B-A2A0-23229792D1DB}
	EndGlobalSection
EndGlobal
